{
  "nodes": {
    "nixpkgs": {
      "locked": {
        "lastModified": 1698716298,
        "narHash": "sha256-jyzH10vs2oB/Eu2Z4e+1OEAuMRkp4vgR7qmNCrvFkww=",
        "owner": "NixOS",
        "repo": "nixpkgs",
        "rev": "b84c09e767c4c6baae37aee40d6e247b4defe3ac",
        "type": "github"
      },
      "original": {
        "owner": "NixOS",
        "repo": "nixpkgs",
        "type": "github"
      }
    },
    "root": {
      "inputs": {
        "nixpkgs": "nixpkgs"
      }
    }
  },
  "root": "root",
  "version": 7
}
